// !$*UTF8*$!
{
	archiveVersion = 1;
	classes = {
	};
	objectVersion = 46;
	objects = {

/* Begin PBXBuildFile section */
		D1462EBD1F4805EB007AD2F7 /* AppDelegate.swift in Sources */ = {isa = PBXBuildFile; fileRef = D1462EBC1F4805EB007AD2F7 /* AppDelegate.swift */; };
		D1462EC21F4805EB007AD2F7 /* Main.storyboard in Resources */ = {isa = PBXBuildFile; fileRef = D1462EC01F4805EB007AD2F7 /* Main.storyboard */; };
		D1462EC41F4805EB007AD2F7 /* Assets.xcassets in Resources */ = {isa = PBXBuildFile; fileRef = D1462EC31F4805EB007AD2F7 /* Assets.xcassets */; };
		D1462EC71F4805EB007AD2F7 /* LaunchScreen.storyboard in Resources */ = {isa = PBXBuildFile; fileRef = D1462EC51F4805EB007AD2F7 /* LaunchScreen.storyboard */; };
		D1462ED11F48069B007AD2F7 /* SWRevealViewController.m in Sources */ = {isa = PBXBuildFile; fileRef = D1462ECF1F48069B007AD2F7 /* SWRevealViewController.m */; };
		D1462ED31F480A31007AD2F7 /* ViewController.swift in Sources */ = {isa = PBXBuildFile; fileRef = D1462ED21F480A31007AD2F7 /* ViewController.swift */; };
		D1462ED51F48D0CE007AD2F7 /* SettingsViewController.swift in Sources */ = {isa = PBXBuildFile; fileRef = D1462ED41F48D0CE007AD2F7 /* SettingsViewController.swift */; };
/* End PBXBuildFile section */

/* Begin PBXFileReference section */
		D1462EB91F4805EB007AD2F7 /* TipCalc App.app */ = {isa = PBXFileReference; explicitFileType = wrapper.application; includeInIndex = 0; path = "TipCalc App.app"; sourceTree = BUILT_PRODUCTS_DIR; };
		D1462EBC1F4805EB007AD2F7 /* AppDelegate.swift */ = {isa = PBXFileReference; lastKnownFileType = sourcecode.swift; path = AppDelegate.swift; sourceTree = "<group>"; };
		D1462EC11F4805EB007AD2F7 /* Base */ = {isa = PBXFileReference; lastKnownFileType = file.storyboard; name = Base; path = Base.lproj/Main.storyboard; sourceTree = "<group>"; };
		D1462EC31F4805EB007AD2F7 /* Assets.xcassets */ = {isa = PBXFileReference; lastKnownFileType = folder.assetcatalog; path = Assets.xcassets; sourceTree = "<group>"; };
		D1462EC61F4805EB007AD2F7 /* Base */ = {isa = PBXFileReference; lastKnownFileType = file.storyboard; name = Base; path = Base.lproj/LaunchScreen.storyboard; sourceTree = "<group>"; };
		D1462EC81F4805EB007AD2F7 /* Info.plist */ = {isa = PBXFileReference; lastKnownFileType = text.plist.xml; path = Info.plist; sourceTree = "<group>"; };
		D1462ECE1F48069A007AD2F7 /* TipCalc App-Bridging-Header.h */ = {isa = PBXFileReference; lastKnownFileType = sourcecode.c.h; path = "TipCalc App-Bridging-Header.h"; sourceTree = "<group>"; };
		D1462ECF1F48069B007AD2F7 /* SWRevealViewController.m */ = {isa = PBXFileReference; fileEncoding = 4; lastKnownFileType = sourcecode.c.objc; path = SWRevealViewController.m; sourceTree = "<group>"; };
		D1462ED01F48069B007AD2F7 /* SWRevealViewController.h */ = {isa = PBXFileReference; fileEncoding = 4; lastKnownFileType = sourcecode.c.h; path = SWRevealViewController.h; sourceTree = "<group>"; };
		D1462ED21F480A31007AD2F7 /* ViewController.swift */ = {isa = PBXFileReference; fileEncoding = 4; lastKnownFileType = sourcecode.swift; path = ViewController.swift; sourceTree = "<group>"; };
		D1462ED41F48D0CE007AD2F7 /* SettingsViewController.swift */ = {isa = PBXFileReference; fileEncoding = 4; lastKnownFileType = sourcecode.swift; path = SettingsViewController.swift; sourceTree = "<group>"; };
/* End PBXFileReference section */

/* Begin PBXFrameworksBuildPhase section */
		D1462EB61F4805EB007AD2F7 /* Frameworks */ = {
			isa = PBXFrameworksBuildPhase;
			buildActionMask = 2147483647;
			files = (
			);
			runOnlyForDeploymentPostprocessing = 0;
		};
/* End PBXFrameworksBuildPhase section */

/* Begin PBXGroup section */
		D1462EB01F4805EB007AD2F7 = {
			isa = PBXGroup;
			children = (
				D1462EBB1F4805EB007AD2F7 /* TipCalc App */,
				D1462EBA1F4805EB007AD2F7 /* Products */,
			);
			sourceTree = "<group>";
		};
		D1462EBA1F4805EB007AD2F7 /* Products */ = {
			isa = PBXGroup;
			children = (
				D1462EB91F4805EB007AD2F7 /* TipCalc App.app */,
			);
			name = Products;
			sourceTree = "<group>";
		};
		D1462EBB1F4805EB007AD2F7 /* TipCalc App */ = {
			isa = PBXGroup;
			children = (
				D1462ECF1F48069B007AD2F7 /* SWRevealViewController.m */,
				D1462ED01F48069B007AD2F7 /* SWRevealViewController.h */,
				D1462EBC1F4805EB007AD2F7 /* AppDelegate.swift */,
				D1462EC01F4805EB007AD2F7 /* Main.storyboard */,
				D1462EC31F4805EB007AD2F7 /* Assets.xcassets */,
				D1462EC51F4805EB007AD2F7 /* LaunchScreen.storyboard */,
				D1462ED41F48D0CE007AD2F7 /* SettingsViewController.swift */,
				D1462ED21F480A31007AD2F7 /* ViewController.swift */,
				D1462EC81F4805EB007AD2F7 /* Info.plist */,
				D1462ECE1F48069A007AD2F7 /* TipCalc App-Bridging-Header.h */,
			);
			path = "TipCalc App";
			sourceTree = "<group>";
		};
/* End PBXGroup section */

/* Begin PBXNativeTarget section */
		D1462EB81F4805EB007AD2F7 /* TipCalc App */ = {
			isa = PBXNativeTarget;
			buildConfigurationList = D1462ECB1F4805EB007AD2F7 /* Build configuration list for PBXNativeTarget "TipCalc App" */;
			buildPhases = (
				D1462EB51F4805EB007AD2F7 /* Sources */,
				D1462EB61F4805EB007AD2F7 /* Frameworks */,
				D1462EB71F4805EB007AD2F7 /* Resources */,
			);
			buildRules = (
			);
			dependencies = (
			);
			name = "TipCalc App";
			productName = "TipCalc App";
			productReference = D1462EB91F4805EB007AD2F7 /* TipCalc App.app */;
			productType = "com.apple.product-type.application";
		};
/* End PBXNativeTarget section */

/* Begin PBXProject section */
		D1462EB11F4805EB007AD2F7 /* Project object */ = {
			isa = PBXProject;
			attributes = {
				LastSwiftUpdateCheck = 0830;
				LastUpgradeCheck = 0830;
				ORGANIZATIONNAME = " Prabhh Ghuman";
				TargetAttributes = {
					D1462EB81F4805EB007AD2F7 = {
						CreatedOnToolsVersion = 8.3.3;
						DevelopmentTeam = 88BNCZ28VP;
						LastSwiftMigration = 0830;
						ProvisioningStyle = Automatic;
					};
				};
			};
			buildConfigurationList = D1462EB41F4805EB007AD2F7 /* Build configuration list for PBXProject "TipCalc" */;
			compatibilityVersion = "Xcode 3.2";
			developmentRegion = English;
			hasScannedForEncodings = 0;
			knownRegions = (
				en,
				Base,
			);
			mainGroup = D1462EB01F4805EB007AD2F7;
			productRefGroup = D1462EBA1F4805EB007AD2F7 /* Products */;
			projectDirPath = "";
			projectRoot = "";
			targets = (
				D1462EB81F4805EB007AD2F7 /* TipCalc App */,
			);
		};
/* End PBXProject section */

/* Begin PBXResourcesBuildPhase section */
		D1462EB71F4805EB007AD2F7 /* Resources */ = {
			isa = PBXResourcesBuildPhase;
			buildActionMask = 2147483647;
			files = (
				D1462EC71F4805EB007AD2F7 /* LaunchScreen.storyboard in Resources */,
				D1462EC41F4805EB007AD2F7 /* Assets.xcassets in Resources */,
				D1462EC21F4805EB007AD2F7 /* Main.storyboard in Resources */,
			);
			runOnlyForDeploymentPostprocessing = 0;
		};
/* End PBXResourcesBuildPhase section */

/* Begin PBXSourcesBuildPhase section */
		D1462EB51F4805EB007AD2F7 /* Sources */ = {
			isa = PBXSourcesBuildPhase;
			buildActionMask = 2147483647;
			files = (
				D1462ED31F480A31007AD2F7 /* ViewController.swift in Sources */,
				D1462EBD1F4805EB007AD2F7 /* AppDelegate.swift in Sources */,
				D1462ED11F48069B007AD2F7 /* SWRevealViewController.m in Sources */,
				D1462ED51F48D0CE007AD2F7 /* SettingsViewController.swift in Sources */,
			);
			runOnlyForDeploymentPostprocessing = 0;
		};
/* End PBXSourcesBuildPhase section */

/* Begin PBXVariantGroup section */
		D1462EC01F4805EB007AD2F7 /* Main.storyboard */ = {
			isa = PBXVariantGroup;
			children = (
				D1462EC11F4805EB007AD2F7 /* Base */,
			);
			name = Main.storyboard;
			sourceTree = "<group>";
		};
		D1462EC51F4805EB007AD2F7 /* LaunchScreen.storyboard */ = {
			isa = PBXVariantGroup;
			children = (
				D1462EC61F4805EB007AD2F7 /* Base */,
			);
			name = LaunchScreen.storyboard;
			sourceTree = "<group>";
		};
/* End PBXVariantGroup section */

/* Begin XCBuildConfiguration section */
		D1462EC91F4805EB007AD2F7 /* Debug */ = {
			isa = XCBuildConfiguration;
			buildSettings = {
				ALWAYS_SEARCH_USER_PATHS = NO;
				CLANG_ANALYZER_NONNULL = YES;
				CLANG_ANALYZER_NUMBER_OBJECT_CONVERSION = YES_AGGRESSIVE;
				CLANG_CXX_LANGUAGE_STANDARD = "gnu++0x";
				CLANG_CXX_LIBRARY = "libc++";
				CLANG_ENABLE_MODULES = YES;
				CLANG_ENABLE_OBJC_ARC = YES;
				CLANG_WARN_BOOL_CONVERSION = YES;
				CLANG_WARN_CONSTANT_CONVERSION = YES;
				CLANG_WARN_DIRECT_OBJC_ISA_USAGE = YES_ERROR;
				CLANG_WARN_DOCUMENTATION_COMMENTS = YES;
				CLANG_WARN_EMPTY_BODY = YES;
				CLANG_WARN_ENUM_CONVERSION = YES;
				CLANG_WARN_INFINITE_RECURSION = YES;
				CLANG_WARN_INT_CONVERSION = YES;
				CLANG_WARN_OBJC_ROOT_CLASS = YES_ERROR;
				CLANG_WARN_SUSPICIOUS_MOVE = YES;
				CLANG_WARN_UNREACHABLE_CODE = YES;
				CLANG_WARN__DUPLICATE_METHOD_MATCH = YES;
				"CODE_SIGN_IDENTITY[sdk=iphoneos*]" = "iPhone Developer";
				COPY_PHASE_STRIP = NO;
				DEBUG_INFORMATION_FORMAT = dwarf;
				ENABLE_STRICT_OBJC_MSGSEND = YES;
				ENABLE_TESTABILITY = YES;
				GCC_C_LANGUAGE_STANDARD = gnu99;
				GCC_DYNAMIC_NO_PIC = NO;
				GCC_NO_COMMON_BLOCKS = YES;
				GCC_OPTIMIZATION_LEVEL = 0;
				GCC_PREPROCESSOR_DEFINITIONS = (
					"DEBUG=1",
					"$(inherited)",
				);
				GCC_WARN_64_TO_32_BIT_CONVERSION = YES;
				GCC_WARN_ABOUT_RETURN_TYPE = YES_ERROR;
				GCC_WARN_UNDECLARED_SELECTOR = YES;
				GCC_WARN_UNINITIALIZED_AUTOS = YES_AGGRESSIVE;
				GCC_WARN_UNUSED_FUNCTION = YES;
				GCC_WARN_UNUSED_VARIABLE = YES;
				IPHONEOS_DEPLOYMENT_TARGET = 10.3;
				MTL_ENABLE_DEBUG_INFO = YES;
				ONLY_ACTIVE_ARCH = YES;
				SDKROOT = iphoneos;
				SWIFT_ACTIVE_COMPILATION_CONDITIONS = DEBUG;
				SWIFT_OPTIMIZATION_LEVEL = "-Onone";
				TARGETED_DEVICE_FAMILY = "1,2";
			};
			name = Debug;
		};
		D1462ECA1F4805EB007AD2F7 /* Release */ = {
			isa = XCBuildConfiguration;
			buildSettings = {
				ALWAYS_SEARCH_USER_PATHS = NO;
				CLANG_ANALYZER_NONNULL = YES;
				CLANG_ANALYZER_NUMBER_OBJECT_CONVERSION = YES_AGGRESSIVE;
				CLANG_CXX_LANGUAGE_STANDARD = "gnu++0x";
				CLANG_CXX_LIBRARY = "libc++";
				CLANG_ENABLE_MODULES = YES;
				CLANG_ENABLE_OBJC_ARC = YES;
				CLANG_WARN_BOOL_CONVERSION = YES;
				CLANG_WARN_CONSTANT_CONVERSION = YES;
				CLANG_WARN_DIRECT_OBJC_ISA_USAGE = YES_ERROR;
				CLANG_WARN_DOCUMENTATION_COMMENTS = YES;
				CLANG_WARN_EMPTY_BODY = YES;
				CLANG_WARN_ENUM_CONVERSION = YES;
				CLANG_WARN_INFINITE_RECURSION = YES;
				CLANG_WARN_INT_CONVERSION = YES;
				CLANG_WARN_OBJC_ROOT_CLASS = YES_ERROR;
				CLANG_WARN_SUSPICIOUS_MOVE = YES;
				CLANG_WARN_UNREACHABLE_CODE = YES;
				CLANG_WARN__DUPLICATE_METHOD_MATCH = YES;
				"CODE_SIGN_IDENTITY[sdk=iphoneos*]" = "iPhone Developer";
				COPY_PHASE_STRIP = NO;
				DEBUG_INFORMATION_FORMAT = "dwarf-with-dsym";
				ENABLE_NS_ASSERTIONS = NO;
				ENABLE_STRICT_OBJC_MSGSEND = YES;
				GCC_C_LANGUAGE_STANDARD = gnu99;
				GCC_NO_COMMON_BLOCKS = YES;
				GCC_WARN_64_TO_32_BIT_CONVERSION = YES;
				GCC_WARN_ABOUT_RETURN_TYPE = YES_ERROR;
				GCC_WARN_UNDECLARED_SELECTOR = YES;
				GCC_WARN_UNINITIALIZED_AUTOS = YES_AGGRESSIVE;
				GCC_WARN_UNUSED_FUNCTION = YES;
				GCC_WARN_UNUSED_VARIABLE = YES;
				IPHONEOS_DEPLOYMENT_TARGET = 10.3;
				MTL_ENABLE_DEBUG_INFO = NO;
				SDKROOT = iphoneos;
				SWIFT_OPTIMIZATION_LEVEL = "-Owholemodule";
				TARGETED_DEVICE_FAMILY = "1,2";
				VALIDATE_PRODUCT = YES;
			};
			name = Release;
		};
		D1462ECC1F4805EB007AD2F7 /* Debug */ = {
			isa = XCBuildConfiguration;
			buildSettings = {
				ASSETCATALOG_COMPILER_APPICON_NAME = AppIcon;
				CLANG_ENABLE_MODULES = YES;
				DEVELOPMENT_TEAM = 88BNCZ28VP;
				INFOPLIST_FILE = "TipCalc App/Info.plist";
				LD_RUNPATH_SEARCH_PATHS = "$(inherited) @executable_path/Frameworks";
				PRODUCT_BUNDLE_IDENTIFIER = "com.prabhg.TipCalc-App";
				PRODUCT_NAME = "$(TARGET_NAME)";
				SWIFT_OBJC_BRIDGING_HEADER = "TipCalc App/TipCalc App-Bridging-Header.h";
				SWIFT_OPTIMIZATION_LEVEL = "-Onone";
				SWIFT_VERSION = 3.0;
			};
			name = Debug;
		};
		D1462ECD1F4805EB007AD2F7 /* Release */ = {
			isa = XCBuildConfiguration;
			buildSettings = {
				ASSETCATALOG_COMPILER_APPICON_NAME = AppIcon;
				CLANG_ENABLE_MODULES = YES;
				DEVELOPMENT_TEAM = 88BNCZ28VP;
				INFOPLIST_FILE = "TipCalc App/Info.plist";
				LD_RUNPATH_SEARCH_PATHS = "$(inherited) @executable_path/Frameworks";
				PRODUCT_BUNDLE_IDENTIFIER = "com.prabhg.TipCalc-App";
				PRODUCT_NAME = "$(TARGET_NAME)";
				SWIFT_OBJC_BRIDGING_HEADER = "TipCalc App/TipCalc App-Bridging-Header.h";
				SWIFT_VERSION = 3.0;
			};
			name = Release;
		};
/* End XCBuildConfiguration section */

/* Begin XCConfigurationList section */
		D1462EB41F4805EB007AD2F7 /* Build configuration list for PBXProject "TipCalc" */ = {
			isa = XCConfigurationList;
			buildConfigurations = (
				D1462EC91F4805EB007AD2F7 /* Debug */,
				D1462ECA1F4805EB007AD2F7 /* Release */,
			);
			defaultConfigurationIsVisible = 0;
			defaultConfigurationName = Release;
		};
		D1462ECB1F4805EB007AD2F7 /* Build configuration list for PBXNativeTarget "TipCalc App" */ = {
			isa = XCConfigurationList;
			buildConfigurations = (
				D1462ECC1F4805EB007AD2F7 /* Debug */,
				D1462ECD1F4805EB007AD2F7 /* Release */,
			);
			defaultConfigurationIsVisible = 0;
			defaultConfigurationName = Release;
		};
/* End XCConfigurationList section */
	};
	rootObject = D1462EB11F4805EB007AD2F7 /* Project object */;
}
